
Microsoft Visual Studio Solution File, Format Version 12.00
# Visual Studio Version 16
VisualStudioVersion = 16.0.30523.141
MinimumVisualStudioVersion = 10.0.40219.1
Project("{FAE04EC0-301F-11D3-BF4B-00C04F79EFBC}") = "MyFirstWindowsFormsAppExercice1", "MyFirstWindowsFormsApp\MyFirstWindowsFormsAppExercice1.csproj", "{736F8785-C613-4A32-9B2A-646A88C6DBDF}"
EndProject
Project("{FAE04EC0-301F-11D3-BF4B-00C04F79EFBC}") = "MyFirstWindowsFormsAppExercice2", "WindowsFormsAppExercici2\MyFirstWindowsFormsAppExercice2.csproj", "{DFEAD94C-FCA7-4890-9950-B64C80027433}"
EndProject
Project("{FAE04EC0-301F-11D3-BF4B-00C04F79EFBC}") = "MyFirstWindowsFormsAppExercice3", "MyFirstWindowsFormsAppExercice3\MyFirstWindowsFormsAppExercice3.csproj", "{D0F99B39-3D30-42FE-8879-E427CED4E2F8}"
EndProject
Project("{FAE04EC0-301F-11D3-BF4B-00C04F79EFBC}") = "MyFirstWindowsFormsAppExercice4a", "MyFirstWindowsFormsAppExercice4\MyFirstWindowsFormsAppExercice4a.csproj", "{4C3B4B63-4FD2-429E-8BA2-BAE8E18FD6E0}"
EndProject
Project("{FAE04EC0-301F-11D3-BF4B-00C04F79EFBC}") = "MyFirstWindowsFormsAppExercice4b", "MyFirstWindowsFormsAppExercice4b\MyFirstWindowsFormsAppExercice4b.csproj", "{7FC19E9D-047E-429B-BEFD-A045F2F8627B}"
EndProject
Project("{FAE04EC0-301F-11D3-BF4B-00C04F79EFBC}") = "MyFirstWindowsFormsAppExercice5", "MyFirstWindowsFormsAppExercice5\MyFirstWindowsFormsAppExercice5.csproj", "{EA556B5F-A58A-45AB-BE6A-17E4EC5484DA}"
EndProject
Project("{FAE04EC0-301F-11D3-BF4B-00C04F79EFBC}") = "MyFirstWindowsFormsAppExercice6", "MyFirstWindowsFormsAppExercice6\MyFirstWindowsFormsAppExercice6.csproj", "{085B6B58-94E3-4698-A6BC-9AA6C52FD5A4}"
EndProject
Project("{FAE04EC0-301F-11D3-BF4B-00C04F79EFBC}") = "MyFirstWindowsFormsAppExercice7", "MyFirstWindowsFormsAppExercice7\MyFirstWindowsFormsAppExercice7.csproj", "{4E451A39-AAE2-4B8C-817E-553C954EA5BA}"
EndProject
Project("{FAE04EC0-301F-11D3-BF4B-00C04F79EFBC}") = "MyFirstWindowsFormsAppExercice8", "MyFirstWindowsFormsAppExercice8\MyFirstWindowsFormsAppExercice8.csproj", "{B2CA4429-EC87-4210-BBE8-2FC8B66B60B4}"
EndProject
Project("{FAE04EC0-301F-11D3-BF4B-00C04F79EFBC}") = "MyFirstWindowsFormsAppExercice9", "MyFirstWindowsFormsAppExercice9\MyFirstWindowsFormsAppExercice9.csproj", "{EB7E49F8-3249-44FA-A34D-B0C854369EA2}"
EndProject
Project("{FAE04EC0-301F-11D3-BF4B-00C04F79EFBC}") = "MyFirstWindowsFormsAppExercice10", "MyFirstWindowsFormsAppExercice10\MyFirstWindowsFormsAppExercice10.csproj", "{0F045EA3-C065-4438-A498-84532DD92B2F}"
EndProject
Global
	GlobalSection(SolutionConfigurationPlatforms) = preSolution
		Debug|Any CPU = Debug|Any CPU
		Release|Any CPU = Release|Any CPU
	EndGlobalSection
	GlobalSection(ProjectConfigurationPlatforms) = postSolution
		{736F8785-C613-4A32-9B2A-646A88C6DBDF}.Debug|Any CPU.ActiveCfg = Debug|Any CPU
		{736F8785-C613-4A32-9B2A-646A88C6DBDF}.Debug|Any CPU.Build.0 = Debug|Any CPU
		{736F8785-C613-4A32-9B2A-646A88C6DBDF}.Release|Any CPU.ActiveCfg = Release|Any CPU
		{736F8785-C613-4A32-9B2A-646A88C6DBDF}.Release|Any CPU.Build.0 = Release|Any CPU
		{DFEAD94C-FCA7-4890-9950-B64C80027433}.Debug|Any CPU.ActiveCfg = Debug|Any CPU
		{DFEAD94C-FCA7-4890-9950-B64C80027433}.Debug|Any CPU.Build.0 = Debug|Any CPU
		{DFEAD94C-FCA7-4890-9950-B64C80027433}.Release|Any CPU.ActiveCfg = Release|Any CPU
		{DFEAD94C-FCA7-4890-9950-B64C80027433}.Release|Any CPU.Build.0 = Release|Any CPU
		{D0F99B39-3D30-42FE-8879-E427CED4E2F8}.Debug|Any CPU.ActiveCfg = Debug|Any CPU
		{D0F99B39-3D30-42FE-8879-E427CED4E2F8}.Debug|Any CPU.Build.0 = Debug|Any CPU
		{D0F99B39-3D30-42FE-8879-E427CED4E2F8}.Release|Any CPU.ActiveCfg = Release|Any CPU
		{D0F99B39-3D30-42FE-8879-E427CED4E2F8}.Release|Any CPU.Build.0 = Release|Any CPU
		{4C3B4B63-4FD2-429E-8BA2-BAE8E18FD6E0}.Debug|Any CPU.ActiveCfg = Debug|Any CPU
		{4C3B4B63-4FD2-429E-8BA2-BAE8E18FD6E0}.Debug|Any CPU.Build.0 = Debug|Any CPU
		{4C3B4B63-4FD2-429E-8BA2-BAE8E18FD6E0}.Release|Any CPU.ActiveCfg = Release|Any CPU
		{4C3B4B63-4FD2-429E-8BA2-BAE8E18FD6E0}.Release|Any CPU.Build.0 = Release|Any CPU
		{7FC19E9D-047E-429B-BEFD-A045F2F8627B}.Debug|Any CPU.ActiveCfg = Debug|Any CPU
		{7FC19E9D-047E-429B-BEFD-A045F2F8627B}.Debug|Any CPU.Build.0 = Debug|Any CPU
		{7FC19E9D-047E-429B-BEFD-A045F2F8627B}.Release|Any CPU.ActiveCfg = Release|Any CPU
		{7FC19E9D-047E-429B-BEFD-A045F2F8627B}.Release|Any CPU.Build.0 = Release|Any CPU
		{EA556B5F-A58A-45AB-BE6A-17E4EC5484DA}.Debug|Any CPU.ActiveCfg = Debug|Any CPU
		{EA556B5F-A58A-45AB-BE6A-17E4EC5484DA}.Debug|Any CPU.Build.0 = Debug|Any CPU
		{EA556B5F-A58A-45AB-BE6A-17E4EC5484DA}.Release|Any CPU.ActiveCfg = Release|Any CPU
		{EA556B5F-A58A-45AB-BE6A-17E4EC5484DA}.Release|Any CPU.Build.0 = Release|Any CPU
		{085B6B58-94E3-4698-A6BC-9AA6C52FD5A4}.Debug|Any CPU.ActiveCfg = Debug|Any CPU
		{085B6B58-94E3-4698-A6BC-9AA6C52FD5A4}.Debug|Any CPU.Build.0 = Debug|Any CPU
		{085B6B58-94E3-4698-A6BC-9AA6C52FD5A4}.Release|Any CPU.ActiveCfg = Release|Any CPU
		{085B6B58-94E3-4698-A6BC-9AA6C52FD5A4}.Release|Any CPU.Build.0 = Release|Any CPU
		{4E451A39-AAE2-4B8C-817E-553C954EA5BA}.Debug|Any CPU.ActiveCfg = Debug|Any CPU
		{4E451A39-AAE2-4B8C-817E-553C954EA5BA}.Debug|Any CPU.Build.0 = Debug|Any CPU
		{4E451A39-AAE2-4B8C-817E-553C954EA5BA}.Release|Any CPU.ActiveCfg = Release|Any CPU
		{4E451A39-AAE2-4B8C-817E-553C954EA5BA}.Release|Any CPU.Build.0 = Release|Any CPU
		{B2CA4429-EC87-4210-BBE8-2FC8B66B60B4}.Debug|Any CPU.ActiveCfg = Debug|Any CPU
		{B2CA4429-EC87-4210-BBE8-2FC8B66B60B4}.Debug|Any CPU.Build.0 = Debug|Any CPU
		{B2CA4429-EC87-4210-BBE8-2FC8B66B60B4}.Release|Any CPU.ActiveCfg = Release|Any CPU
		{B2CA4429-EC87-4210-BBE8-2FC8B66B60B4}.Release|Any CPU.Build.0 = Release|Any CPU
		{EB7E49F8-3249-44FA-A34D-B0C854369EA2}.Debug|Any CPU.ActiveCfg = Debug|Any CPU
		{EB7E49F8-3249-44FA-A34D-B0C854369EA2}.Debug|Any CPU.Build.0 = Debug|Any CPU
		{EB7E49F8-3249-44FA-A34D-B0C854369EA2}.Release|Any CPU.ActiveCfg = Release|Any CPU
		{EB7E49F8-3249-44FA-A34D-B0C854369EA2}.Release|Any CPU.Build.0 = Release|Any CPU
		{0F045EA3-C065-4438-A498-84532DD92B2F}.Debug|Any CPU.ActiveCfg = Debug|Any CPU
		{0F045EA3-C065-4438-A498-84532DD92B2F}.Debug|Any CPU.Build.0 = Debug|Any CPU
		{0F045EA3-C065-4438-A498-84532DD92B2F}.Release|Any CPU.ActiveCfg = Release|Any CPU
		{0F045EA3-C065-4438-A498-84532DD92B2F}.Release|Any CPU.Build.0 = Release|Any CPU
	EndGlobalSection
	GlobalSection(SolutionProperties) = preSolution
		HideSolutionNode = FALSE
	EndGlobalSection
	GlobalSection(ExtensibilityGlobals) = postSolution
		SolutionGuid = {1FD5E9BE-A54B-43D8-83DB-B349E42B9810}
	EndGlobalSection
EndGlobal
